# This file was autogenerated by Stack.
# You should not edit this file by hand.
# For more information, please see the documentation at:
#   https://docs.haskellstack.org/en/stable/lock_files

packages:
- completed:
    hackage: co-log-0.4.0.1@sha256:3d4c17f37693c80d1aa2c41669bc3438fac3e89dc5f479e57d79bc3ddc4dfcc5,5087
    pantry-tree:
      size: 1126
      sha256: e73165ff8f744709428e2e87984c9d60ca1cec43d8455c413181c7c466e7497c
  original:
    hackage: co-log-0.4.0.1@sha256:3d4c17f37693c80d1aa2c41669bc3438fac3e89dc5f479e57d79bc3ddc4dfcc5,5087
- completed:
    hackage: ansi-terminal-0.10.3@sha256:e2fbcef5f980dc234c7ad8e2fa433b0e8109132c9e643bc40ea5608cd5697797,3226
    pantry-tree:
      size: 1461
      sha256: 02f05d52be3ffcf36c78876629cbab80b63420672685371aea4fd10e1c4aabb6
  original:
    hackage: ansi-terminal-0.10.3@sha256:e2fbcef5f980dc234c7ad8e2fa433b0e8109132c9e643bc40ea5608cd5697797,3226
- completed:
    hackage: monad-validate-1.2.0.0@sha256:9850f408431098b28806dd464b6825a88a0b56c84f380d7fe0454c1df9d6f881,3505
    pantry-tree:
      size: 713
      sha256: 8e049bd12ce2bd470909578f2ee8eb80b89d5ff88860afa30e29dd4eafecfa3e
  original:
    hackage: monad-validate-1.2.0.0@sha256:9850f408431098b28806dd464b6825a88a0b56c84f380d7fe0454c1df9d6f881,3505
- completed:
    hackage: bitcoin-scripting-0.2.0@sha256:8ee26f223d6446867884c401dae1cd9cf0034652a4ffa74d0ad727e7b2de0eb4,2314
    pantry-tree:
      size: 2027
      sha256: 6b917418bc092adf63d8ca526c5f92faf8cc7b53e5c4578c1bc809c461cf0146
  original:
    hackage: bitcoin-scripting-0.2.0@sha256:8ee26f223d6446867884c401dae1cd9cf0034652a4ffa74d0ad727e7b2de0eb4,2314
- completed:
    hackage: haskoin-core-0.20.5@sha256:b88f2a55171d0d9e387789fdbe6f2801c9aba4effb538c5483ee3f48a2b39bac,4836
    pantry-tree:
      size: 5111
      sha256: a35c0805ae1794076f6242aa7606ab4917358699202c3bc4677d3a7d0614e8d4
  original:
    hackage: haskoin-core-0.20.5@sha256:b88f2a55171d0d9e387789fdbe6f2801c9aba4effb538c5483ee3f48a2b39bac,4836
snapshots:
- completed:
    size: 590100
    url: https://raw.githubusercontent.com/commercialhaskell/stackage-snapshots/master/lts/18/28.yaml
    sha256: 428ec8d5ce932190d3cbe266b9eb3c175cd81e984babf876b64019e2cbe4ea68
  original:
    url: https://raw.githubusercontent.com/commercialhaskell/stackage-snapshots/master/lts/18/28.yaml
