# This file was autogenerated by Stack.
# You should not edit this file by hand.
# For more information, please see the documentation at:
#   https://docs.haskellstack.org/en/stable/lock_files

packages:
- completed:
    hackage: aeson-casing-0.1.1.0@sha256:625f5a6480a987775e683aeab15e38b19f53ded9ad56e85ba5997a6d882c8958,1466
    pantry-tree:
      size: 417
      sha256: fcb9f9614c086fbd83ecd81c3306c7ec9c3de2bd45ff40a3cebd0e10113966b6
  original:
    hackage: aeson-casing-0.1.1.0@sha256:625f5a6480a987775e683aeab15e38b19f53ded9ad56e85ba5997a6d882c8958,1466
- completed:
    hackage: http-client-0.5.14@sha256:4880b27d6741e331454a1d4c887d96ce3d7d625322c8433983a4b1cd08538577,5348
    pantry-tree:
      size: 2457
      sha256: 02bcffba9cad572fefb4640f5fc9be68e770b32ab73efcac649db20290994c6d
  original:
    hackage: http-client-0.5.14@sha256:4880b27d6741e331454a1d4c887d96ce3d7d625322c8433983a4b1cd08538577,5348
- completed:
    hackage: monad-validate-1.2.0.0@sha256:9850f408431098b28806dd464b6825a88a0b56c84f380d7fe0454c1df9d6f881,3505
    pantry-tree:
      size: 713
      sha256: 8e049bd12ce2bd470909578f2ee8eb80b89d5ff88860afa30e29dd4eafecfa3e
  original:
    hackage: monad-validate-1.2.0.0@sha256:9850f408431098b28806dd464b6825a88a0b56c84f380d7fe0454c1df9d6f881,3505
- completed:
    hackage: symmetric-properties-0.1.0.1@sha256:c44a0cd2f900b0687b3133d81d619c2a87b48d62ac04d5225b1ac865e43cd60d,1598
    pantry-tree:
      size: 347
      sha256: f44965625197080e5a41730edaf2997d4ca29ee1725404e6e4df895b714ed06a
  original:
    hackage: symmetric-properties-0.1.0.1@sha256:c44a0cd2f900b0687b3133d81d619c2a87b48d62ac04d5225b1ac865e43cd60d,1598
- completed:
    hackage: unagi-streams-0.2.6@sha256:32f4ba71b07b0fb68ed2e4d1489c063f72d32c321e2d485485f602eb10e12acb,1145
    pantry-tree:
      size: 329
      sha256: f8f9d8089c62c9e7a6265a018a01585dec0bbd6d8cde20bd53e47e3fa4575c5c
  original:
    hackage: unagi-streams-0.2.6@sha256:32f4ba71b07b0fb68ed2e4d1489c063f72d32c321e2d485485f602eb10e12acb,1145
snapshots:
- completed:
    size: 524162
    url: https://raw.githubusercontent.com/commercialhaskell/stackage-snapshots/master/lts/14/21.yaml
    sha256: 9a55dd75853718f2bbbe951872b36a3b7802fcd71796e0f25b8664f24e34c666
  original: lts-14.21
