# This file was autogenerated by Stack.
# You should not edit this file by hand.
# For more information, please see the documentation at:
#   https://docs.haskellstack.org/en/stable/lock_files

packages:
- completed:
    hackage: co-log-0.4.0.1@sha256:3d4c17f37693c80d1aa2c41669bc3438fac3e89dc5f479e57d79bc3ddc4dfcc5,5087
    pantry-tree:
      size: 1126
      sha256: e73165ff8f744709428e2e87984c9d60ca1cec43d8455c413181c7c466e7497c
  original:
    hackage: co-log-0.4.0.1@sha256:3d4c17f37693c80d1aa2c41669bc3438fac3e89dc5f479e57d79bc3ddc4dfcc5,5087
- completed:
    hackage: ansi-terminal-0.10.3@sha256:e2fbcef5f980dc234c7ad8e2fa433b0e8109132c9e643bc40ea5608cd5697797,3226
    pantry-tree:
      size: 1461
      sha256: 02f05d52be3ffcf36c78876629cbab80b63420672685371aea4fd10e1c4aabb6
  original:
    hackage: ansi-terminal-0.10.3@sha256:e2fbcef5f980dc234c7ad8e2fa433b0e8109132c9e643bc40ea5608cd5697797,3226
- completed:
    hackage: monad-validate-1.2.0.0@sha256:9850f408431098b28806dd464b6825a88a0b56c84f380d7fe0454c1df9d6f881,3505
    pantry-tree:
      size: 713
      sha256: 8e049bd12ce2bd470909578f2ee8eb80b89d5ff88860afa30e29dd4eafecfa3e
  original:
    hackage: monad-validate-1.2.0.0@sha256:9850f408431098b28806dd464b6825a88a0b56c84f380d7fe0454c1df9d6f881,3505
- completed:
    hackage: bitcoin-scripting-0.3.0@sha256:cca05553fe6a7d60252143ec751de828686b21205102027b685a96869984aed0,2402
    pantry-tree:
      size: 2122
      sha256: 3992c45edba2d02011293ceed100ce01d8a79e79fdfdd341ee7c753fdd66f9d5
  original:
    hackage: bitcoin-scripting-0.3.0@sha256:cca05553fe6a7d60252143ec751de828686b21205102027b685a96869984aed0,2402
- completed:
    hackage: haskoin-core-0.21.2@sha256:42ed6bd87aaef9e3a7bc3001739a4a2b9eb4614f90a62face10df1d8e665d115,4931
    pantry-tree:
      size: 5525
      sha256: 7e70ca51e0080288240f54f9a45eb65168d390f02b80453d1ecb30d141357564
  original:
    hackage: haskoin-core-0.21.2@sha256:42ed6bd87aaef9e3a7bc3001739a4a2b9eb4614f90a62face10df1d8e665d115,4931
snapshots:
- completed:
    size: 590100
    url: https://raw.githubusercontent.com/commercialhaskell/stackage-snapshots/master/lts/18/28.yaml
    sha256: 428ec8d5ce932190d3cbe266b9eb3c175cd81e984babf876b64019e2cbe4ea68
  original:
    url: https://raw.githubusercontent.com/commercialhaskell/stackage-snapshots/master/lts/18/28.yaml
